
Microsoft Visual Studio Solution File, Format Version 12.00
# Visual Studio Version 17
VisualStudioVersion = 17.2.32616.157
MinimumVisualStudioVersion = 10.0.40219.1
Project("{FAE04EC0-301F-11D3-BF4B-00C04F79EFBC}") = "SpecificationPattern", "SpecificationPattern\SpecificationPattern.csproj", "{BD00EB96-48C1-4A8D-96B9-E93B41C29DE4}"
EndProject
Global
	GlobalSection(SolutionConfigurationPlatforms) = preSolution
		Debug|Any CPU = Debug|Any CPU
		Release|Any CPU = Release|Any CPU
	EndGlobalSection
	GlobalSection(ProjectConfigurationPlatforms) = postSolution
		{BD00EB96-48C1-4A8D-96B9-E93B41C29DE4}.Debug|Any CPU.ActiveCfg = Debug|Any CPU
		{BD00EB96-48C1-4A8D-96B9-E93B41C29DE4}.Debug|Any CPU.Build.0 = Debug|Any CPU
		{BD00EB96-48C1-4A8D-96B9-E93B41C29DE4}.Release|Any CPU.ActiveCfg = Release|Any CPU
		{BD00EB96-48C1-4A8D-96B9-E93B41C29DE4}.Release|Any CPU.Build.0 = Release|Any CPU
	EndGlobalSection
	GlobalSection(SolutionProperties) = preSolution
		HideSolutionNode = FALSE
	EndGlobalSection
	GlobalSection(ExtensibilityGlobals) = postSolution
		SolutionGuid = {E7600E37-871B-40F4-8F9F-89BC39660A44}
	EndGlobalSection
EndGlobal
